// !$*UTF8*$!
{
	archiveVersion = 1;
	classes = {
	};
	objectVersion = 56;
	objects = {

/* Begin PBXBuildFile section */
		8601B5132BD3333F00604999 /* AppDelegate.swift in Sources */ = {isa = PBXBuildFile; fileRef = 8601B5122BD3333F00604999 /* AppDelegate.swift */; };
		8601B5152BD3333F00604999 /* SceneDelegate.swift in Sources */ = {isa = PBXBuildFile; fileRef = 8601B5142BD3333F00604999 /* SceneDelegate.swift */; };
		8601B5172BD3333F00604999 /* ViewController.swift in Sources */ = {isa = PBXBuildFile; fileRef = 8601B5162BD3333F00604999 /* ViewController.swift */; };
		8601B51A2BD3333F00604999 /* Base in Resources */ = {isa = PBXBuildFile; fileRef = 8601B5192BD3333F00604999 /* Base */; };
		8601B51C2BD3334100604999 /* Assets.xcassets in Resources */ = {isa = PBXBuildFile; fileRef = 8601B51B2BD3334100604999 /* Assets.xcassets */; };
		8601B51F2BD3334100604999 /* Base in Resources */ = {isa = PBXBuildFile; fileRef = 8601B51E2BD3334100604999 /* Base */; };
		8601B5292BD3338D00604999 /* TestPackage in Frameworks */ = {isa = PBXBuildFile; productRef = 8601B5282BD3338D00604999 /* TestPackage */; };
		864437882BD410B6004C2CD4 /* PackageTests.swift in Sources */ = {isa = PBXBuildFile; fileRef = 864437872BD410B6004C2CD4 /* PackageTests.swift */; };
/* End PBXBuildFile section */

/* Begin PBXContainerItemProxy section */
		864437892BD410B6004C2CD4 /* PBXContainerItemProxy */ = {
			isa = PBXContainerItemProxy;
			containerPortal = 8601B5072BD3333F00604999 /* Project object */;
			proxyType = 1;
			remoteGlobalIDString = 8601B50E2BD3333F00604999;
			remoteInfo = TestAppExamplePackage;
		};
/* End PBXContainerItemProxy section */

/* Begin PBXFileReference section */
		8601B50F2BD3333F00604999 /* TestAppExamplePackage.app */ = {isa = PBXFileReference; explicitFileType = wrapper.application; includeInIndex = 0; path = TestAppExamplePackage.app; sourceTree = BUILT_PRODUCTS_DIR; };
		8601B5122BD3333F00604999 /* AppDelegate.swift */ = {isa = PBXFileReference; lastKnownFileType = sourcecode.swift; path = AppDelegate.swift; sourceTree = "<group>"; };
		8601B5142BD3333F00604999 /* SceneDelegate.swift */ = {isa = PBXFileReference; lastKnownFileType = sourcecode.swift; path = SceneDelegate.swift; sourceTree = "<group>"; };
		8601B5162BD3333F00604999 /* ViewController.swift */ = {isa = PBXFileReference; lastKnownFileType = sourcecode.swift; path = ViewController.swift; sourceTree = "<group>"; };
		8601B5192BD3333F00604999 /* Base */ = {isa = PBXFileReference; lastKnownFileType = file.storyboard; name = Base; path = Base.lproj/Main.storyboard; sourceTree = "<group>"; };
		8601B51B2BD3334100604999 /* Assets.xcassets */ = {isa = PBXFileReference; lastKnownFileType = folder.assetcatalog; path = Assets.xcassets; sourceTree = "<group>"; };
		8601B51E2BD3334100604999 /* Base */ = {isa = PBXFileReference; lastKnownFileType = file.storyboard; name = Base; path = Base.lproj/LaunchScreen.storyboard; sourceTree = "<group>"; };
		8601B5202BD3334100604999 /* Info.plist */ = {isa = PBXFileReference; lastKnownFileType = text.plist.xml; path = Info.plist; sourceTree = "<group>"; };
		8601B5272BD3336E00604999 /* TestPackage */ = {isa = PBXFileReference; lastKnownFileType = wrapper; name = TestPackage; path = ..; sourceTree = "<group>"; };
		864437802BD41035004C2CD4 /* Package.swift */ = {isa = PBXFileReference; lastKnownFileType = sourcecode.swift; path = Package.swift; sourceTree = SOURCE_ROOT; };
		864437852BD410B6004C2CD4 /* PackageTests.xctest */ = {isa = PBXFileReference; explicitFileType = wrapper.cfbundle; includeInIndex = 0; path = PackageTests.xctest; sourceTree = BUILT_PRODUCTS_DIR; };
		864437872BD410B6004C2CD4 /* PackageTests.swift */ = {isa = PBXFileReference; lastKnownFileType = sourcecode.swift; path = PackageTests.swift; sourceTree = "<group>"; };
/* End PBXFileReference section */

/* Begin PBXFrameworksBuildPhase section */
		8601B50C2BD3333F00604999 /* Frameworks */ = {
			isa = PBXFrameworksBuildPhase;
			buildActionMask = 2147483647;
			files = (
				8601B5292BD3338D00604999 /* TestPackage in Frameworks */,
			);
			runOnlyForDeploymentPostprocessing = 0;
		};
		864437822BD410B6004C2CD4 /* Frameworks */ = {
			isa = PBXFrameworksBuildPhase;
			buildActionMask = 2147483647;
			files = (
			);
			runOnlyForDeploymentPostprocessing = 0;
		};
/* End PBXFrameworksBuildPhase section */

/* Begin PBXGroup section */
		8601B5062BD3333F00604999 = {
			isa = PBXGroup;
			children = (
				8601B5112BD3333F00604999 /* TestAppExamplePackage */,
				864437862BD410B6004C2CD4 /* PackageTests */,
				8601B5102BD3333F00604999 /* Products */,
				8601B5262BD3336E00604999 /* Frameworks */,
			);
			sourceTree = "<group>";
		};
		8601B5102BD3333F00604999 /* Products */ = {
			isa = PBXGroup;
			children = (
				8601B50F2BD3333F00604999 /* TestAppExamplePackage.app */,
				864437852BD410B6004C2CD4 /* PackageTests.xctest */,
			);
			name = Products;
			sourceTree = "<group>";
		};
		8601B5112BD3333F00604999 /* TestAppExamplePackage */ = {
			isa = PBXGroup;
			children = (
				8601B5122BD3333F00604999 /* AppDelegate.swift */,
				8601B5142BD3333F00604999 /* SceneDelegate.swift */,
				8601B5162BD3333F00604999 /* ViewController.swift */,
				8601B5182BD3333F00604999 /* Main.storyboard */,
				8601B51B2BD3334100604999 /* Assets.xcassets */,
				8601B51D2BD3334100604999 /* LaunchScreen.storyboard */,
				8601B5202BD3334100604999 /* Info.plist */,
				864437802BD41035004C2CD4 /* Package.swift */,
			);
			path = TestAppExamplePackage;
			sourceTree = "<group>";
		};
		8601B5262BD3336E00604999 /* Frameworks */ = {
			isa = PBXGroup;
			children = (
				8601B5272BD3336E00604999 /* TestPackage */,
			);
			name = Frameworks;
			sourceTree = "<group>";
		};
		864437862BD410B6004C2CD4 /* PackageTests */ = {
			isa = PBXGroup;
			children = (
				864437872BD410B6004C2CD4 /* PackageTests.swift */,
			);
			path = PackageTests;
			sourceTree = "<group>";
		};
/* End PBXGroup section */

/* Begin PBXNativeTarget section */
		8601B50E2BD3333F00604999 /* TestAppExamplePackage */ = {
			isa = PBXNativeTarget;
			buildConfigurationList = 8601B5232BD3334100604999 /* Build configuration list for PBXNativeTarget "TestAppExamplePackage" */;
			buildPhases = (
				8601B50B2BD3333F00604999 /* Sources */,
				8601B50C2BD3333F00604999 /* Frameworks */,
				8601B50D2BD3333F00604999 /* Resources */,
			);
			buildRules = (
			);
			dependencies = (
			);
			name = TestAppExamplePackage;
			packageProductDependencies = (
				8601B5282BD3338D00604999 /* TestPackage */,
			);
			productName = TestAppExamplePackage;
			productReference = 8601B50F2BD3333F00604999 /* TestAppExamplePackage.app */;
			productType = "com.apple.product-type.application";
		};
		864437842BD410B6004C2CD4 /* PackageTests */ = {
			isa = PBXNativeTarget;
			buildConfigurationList = 8644378B2BD410B6004C2CD4 /* Build configuration list for PBXNativeTarget "PackageTests" */;
			buildPhases = (
				864437812BD410B6004C2CD4 /* Sources */,
				864437822BD410B6004C2CD4 /* Frameworks */,
				864437832BD410B6004C2CD4 /* Resources */,
			);
			buildRules = (
			);
			dependencies = (
				8644378A2BD410B6004C2CD4 /* PBXTargetDependency */,
			);
			name = PackageTests;
			productName = PackageTests;
			productReference = 864437852BD410B6004C2CD4 /* PackageTests.xctest */;
			productType = "com.apple.product-type.bundle.unit-test";
		};
/* End PBXNativeTarget section */

/* Begin PBXProject section */
		8601B5072BD3333F00604999 /* Project object */ = {
			isa = PBXProject;
			attributes = {
				BuildIndependentTargetsInParallel = 1;
				LastSwiftUpdateCheck = 1530;
				LastUpgradeCheck = 1530;
				TargetAttributes = {
					8601B50E2BD3333F00604999 = {
						CreatedOnToolsVersion = 15.3;
					};
					864437842BD410B6004C2CD4 = {
						CreatedOnToolsVersion = 15.3;
						TestTargetID = 8601B50E2BD3333F00604999;
					};
				};
			};
			buildConfigurationList = 8601B50A2BD3333F00604999 /* Build configuration list for PBXProject "TestAppExamplePackage" */;
			compatibilityVersion = "Xcode 14.0";
			developmentRegion = en;
			hasScannedForEncodings = 0;
			knownRegions = (
				en,
				Base,
			);
			mainGroup = 8601B5062BD3333F00604999;
			packageReferences = (
			);
			productRefGroup = 8601B5102BD3333F00604999 /* Products */;
			projectDirPath = "";
			projectRoot = "";
			targets = (
				8601B50E2BD3333F00604999 /* TestAppExamplePackage */,
				864437842BD410B6004C2CD4 /* PackageTests */,
			);
		};
/* End PBXProject section */

/* Begin PBXResourcesBuildPhase section */
		8601B50D2BD3333F00604999 /* Resources */ = {
			isa = PBXResourcesBuildPhase;
			buildActionMask = 2147483647;
			files = (
				8601B51C2BD3334100604999 /* Assets.xcassets in Resources */,
				8601B51F2BD3334100604999 /* Base in Resources */,
				8601B51A2BD3333F00604999 /* Base in Resources */,
			);
			runOnlyForDeploymentPostprocessing = 0;
		};
		864437832BD410B6004C2CD4 /* Resources */ = {
			isa = PBXResourcesBuildPhase;
			buildActionMask = 2147483647;
			files = (
			);
			runOnlyForDeploymentPostprocessing = 0;
		};
/* End PBXResourcesBuildPhase section */

/* Begin PBXSourcesBuildPhase section */
		8601B50B2BD3333F00604999 /* Sources */ = {
			isa = PBXSourcesBuildPhase;
			buildActionMask = 2147483647;
			files = (
				8601B5172BD3333F00604999 /* ViewController.swift in Sources */,
				8601B5132BD3333F00604999 /* AppDelegate.swift in Sources */,
				8601B5152BD3333F00604999 /* SceneDelegate.swift in Sources */,
			);
			runOnlyForDeploymentPostprocessing = 0;
		};
		864437812BD410B6004C2CD4 /* Sources */ = {
			isa = PBXSourcesBuildPhase;
			buildActionMask = 2147483647;
			files = (
				864437882BD410B6004C2CD4 /* PackageTests.swift in Sources */,
			);
			runOnlyForDeploymentPostprocessing = 0;
		};
/* End PBXSourcesBuildPhase section */

/* Begin PBXTargetDependency section */
		8644378A2BD410B6004C2CD4 /* PBXTargetDependency */ = {
			isa = PBXTargetDependency;
			target = 8601B50E2BD3333F00604999 /* TestAppExamplePackage */;
			targetProxy = 864437892BD410B6004C2CD4 /* PBXContainerItemProxy */;
		};
/* End PBXTargetDependency section */

/* Begin PBXVariantGroup section */
		8601B5182BD3333F00604999 /* Main.storyboard */ = {
			isa = PBXVariantGroup;
			children = (
				8601B5192BD3333F00604999 /* Base */,
			);
			name = Main.storyboard;
			sourceTree = "<group>";
		};
		8601B51D2BD3334100604999 /* LaunchScreen.storyboard */ = {
			isa = PBXVariantGroup;
			children = (
				8601B51E2BD3334100604999 /* Base */,
			);
			name = LaunchScreen.storyboard;
			sourceTree = "<group>";
		};
/* End PBXVariantGroup section */

/* Begin XCBuildConfiguration section */
		8601B5212BD3334100604999 /* Debug */ = {
			isa = XCBuildConfiguration;
			buildSettings = {
				ALWAYS_SEARCH_USER_PATHS = NO;
				ASSETCATALOG_COMPILER_GENERATE_SWIFT_ASSET_SYMBOL_EXTENSIONS = YES;
				CLANG_ANALYZER_NONNULL = YES;
				CLANG_ANALYZER_NUMBER_OBJECT_CONVERSION = YES_AGGRESSIVE;
				CLANG_CXX_LANGUAGE_STANDARD = "gnu++20";
				CLANG_ENABLE_MODULES = YES;
				CLANG_ENABLE_OBJC_ARC = YES;
				CLANG_ENABLE_OBJC_WEAK = YES;
				CLANG_WARN_BLOCK_CAPTURE_AUTORELEASING = YES;
				CLANG_WARN_BOOL_CONVERSION = YES;
				CLANG_WARN_COMMA = YES;
				CLANG_WARN_CONSTANT_CONVERSION = YES;
				CLANG_WARN_DEPRECATED_OBJC_IMPLEMENTATIONS = YES;
				CLANG_WARN_DIRECT_OBJC_ISA_USAGE = YES_ERROR;
				CLANG_WARN_DOCUMENTATION_COMMENTS = YES;
				CLANG_WARN_EMPTY_BODY = YES;
				CLANG_WARN_ENUM_CONVERSION = YES;
				CLANG_WARN_INFINITE_RECURSION = YES;
				CLANG_WARN_INT_CONVERSION = YES;
				CLANG_WARN_NON_LITERAL_NULL_CONVERSION = YES;
				CLANG_WARN_OBJC_IMPLICIT_RETAIN_SELF = YES;
				CLANG_WARN_OBJC_LITERAL_CONVERSION = YES;
				CLANG_WARN_OBJC_ROOT_CLASS = YES_ERROR;
				CLANG_WARN_QUOTED_INCLUDE_IN_FRAMEWORK_HEADER = YES;
				CLANG_WARN_RANGE_LOOP_ANALYSIS = YES;
				CLANG_WARN_STRICT_PROTOTYPES = YES;
				CLANG_WARN_SUSPICIOUS_MOVE = YES;
				CLANG_WARN_UNGUARDED_AVAILABILITY = YES_AGGRESSIVE;
				CLANG_WARN_UNREACHABLE_CODE = YES;
				CLANG_WARN__DUPLICATE_METHOD_MATCH = YES;
				COPY_PHASE_STRIP = NO;
				DEBUG_INFORMATION_FORMAT = dwarf;
				ENABLE_STRICT_OBJC_MSGSEND = YES;
				ENABLE_TESTABILITY = YES;
				ENABLE_USER_SCRIPT_SANDBOXING = YES;
				GCC_C_LANGUAGE_STANDARD = gnu17;
				GCC_DYNAMIC_NO_PIC = NO;
				GCC_NO_COMMON_BLOCKS = YES;
				GCC_OPTIMIZATION_LEVEL = 0;
				GCC_PREPROCESSOR_DEFINITIONS = (
					"DEBUG=1",
					"$(inherited)",
				);
				GCC_WARN_64_TO_32_BIT_CONVERSION = YES;
				GCC_WARN_ABOUT_RETURN_TYPE = YES_ERROR;
				GCC_WARN_UNDECLARED_SELECTOR = YES;
				GCC_WARN_UNINITIALIZED_AUTOS = YES_AGGRESSIVE;
				GCC_WARN_UNUSED_FUNCTION = YES;
				GCC_WARN_UNUSED_VARIABLE = YES;
				IPHONEOS_DEPLOYMENT_TARGET = 17.4;
				LOCALIZATION_PREFERS_STRING_CATALOGS = YES;
				MTL_ENABLE_DEBUG_INFO = INCLUDE_SOURCE;
				MTL_FAST_MATH = YES;
				ONLY_ACTIVE_ARCH = YES;
				SDKROOT = iphoneos;
				SWIFT_ACTIVE_COMPILATION_CONDITIONS = "DEBUG $(inherited)";
				SWIFT_OPTIMIZATION_LEVEL = "-Onone";
			};
			name = Debug;
		};
		8601B5222BD3334100604999 /* Release */ = {
			isa = XCBuildConfiguration;
			buildSettings = {
				ALWAYS_SEARCH_USER_PATHS = NO;
				ASSETCATALOG_COMPILER_GENERATE_SWIFT_ASSET_SYMBOL_EXTENSIONS = YES;
				CLANG_ANALYZER_NONNULL = YES;
				CLANG_ANALYZER_NUMBER_OBJECT_CONVERSION = YES_AGGRESSIVE;
				CLANG_CXX_LANGUAGE_STANDARD = "gnu++20";
				CLANG_ENABLE_MODULES = YES;
				CLANG_ENABLE_OBJC_ARC = YES;
				CLANG_ENABLE_OBJC_WEAK = YES;
				CLANG_WARN_BLOCK_CAPTURE_AUTORELEASING = YES;
				CLANG_WARN_BOOL_CONVERSION = YES;
				CLANG_WARN_COMMA = YES;
				CLANG_WARN_CONSTANT_CONVERSION = YES;
				CLANG_WARN_DEPRECATED_OBJC_IMPLEMENTATIONS = YES;
				CLANG_WARN_DIRECT_OBJC_ISA_USAGE = YES_ERROR;
				CLANG_WARN_DOCUMENTATION_COMMENTS = YES;
				CLANG_WARN_EMPTY_BODY = YES;
				CLANG_WARN_ENUM_CONVERSION = YES;
				CLANG_WARN_INFINITE_RECURSION = YES;
				CLANG_WARN_INT_CONVERSION = YES;
				CLANG_WARN_NON_LITERAL_NULL_CONVERSION = YES;
				CLANG_WARN_OBJC_IMPLICIT_RETAIN_SELF = YES;
				CLANG_WARN_OBJC_LITERAL_CONVERSION = YES;
				CLANG_WARN_OBJC_ROOT_CLASS = YES_ERROR;
				CLANG_WARN_QUOTED_INCLUDE_IN_FRAMEWORK_HEADER = YES;
				CLANG_WARN_RANGE_LOOP_ANALYSIS = YES;
				CLANG_WARN_STRICT_PROTOTYPES = YES;
				CLANG_WARN_SUSPICIOUS_MOVE = YES;
				CLANG_WARN_UNGUARDED_AVAILABILITY = YES_AGGRESSIVE;
				CLANG_WARN_UNREACHABLE_CODE = YES;
				CLANG_WARN__DUPLICATE_METHOD_MATCH = YES;
				COPY_PHASE_STRIP = NO;
				DEBUG_INFORMATION_FORMAT = "dwarf-with-dsym";
				ENABLE_NS_ASSERTIONS = NO;
				ENABLE_STRICT_OBJC_MSGSEND = YES;
				ENABLE_USER_SCRIPT_SANDBOXING = YES;
				GCC_C_LANGUAGE_STANDARD = gnu17;
				GCC_NO_COMMON_BLOCKS = YES;
				GCC_WARN_64_TO_32_BIT_CONVERSION = YES;
				GCC_WARN_ABOUT_RETURN_TYPE = YES_ERROR;
				GCC_WARN_UNDECLARED_SELECTOR = YES;
				GCC_WARN_UNINITIALIZED_AUTOS = YES_AGGRESSIVE;
				GCC_WARN_UNUSED_FUNCTION = YES;
				GCC_WARN_UNUSED_VARIABLE = YES;
				IPHONEOS_DEPLOYMENT_TARGET = 17.4;
				LOCALIZATION_PREFERS_STRING_CATALOGS = YES;
				MTL_ENABLE_DEBUG_INFO = NO;
				MTL_FAST_MATH = YES;
				SDKROOT = iphoneos;
				SWIFT_COMPILATION_MODE = wholemodule;
				VALIDATE_PRODUCT = YES;
			};
			name = Release;
		};
		8601B5242BD3334100604999 /* Debug */ = {
			isa = XCBuildConfiguration;
			buildSettings = {
				ASSETCATALOG_COMPILER_APPICON_NAME = AppIcon;
				ASSETCATALOG_COMPILER_GLOBAL_ACCENT_COLOR_NAME = AccentColor;
				CODE_SIGN_STYLE = Automatic;
				CURRENT_PROJECT_VERSION = 1;
				DEVELOPMENT_TEAM = 7J27C6KE2Q;
				GENERATE_INFOPLIST_FILE = YES;
				INFOPLIST_FILE = TestAppExamplePackage/Info.plist;
				INFOPLIST_KEY_UIApplicationSupportsIndirectInputEvents = YES;
				INFOPLIST_KEY_UILaunchStoryboardName = LaunchScreen;
				INFOPLIST_KEY_UIMainStoryboardFile = Main;
				INFOPLIST_KEY_UISupportedInterfaceOrientations_iPad = "UIInterfaceOrientationPortrait UIInterfaceOrientationPortraitUpsideDown UIInterfaceOrientationLandscapeLeft UIInterfaceOrientationLandscapeRight";
				INFOPLIST_KEY_UISupportedInterfaceOrientations_iPhone = "UIInterfaceOrientationPortrait UIInterfaceOrientationLandscapeLeft UIInterfaceOrientationLandscapeRight";
				LD_RUNPATH_SEARCH_PATHS = (
					"$(inherited)",
					"@executable_path/Frameworks",
				);
				MARKETING_VERSION = 1.0;
				PRODUCT_BUNDLE_IDENTIFIER = OnceDev.TestAppExamplePackage;
				PRODUCT_NAME = "$(TARGET_NAME)";
				SWIFT_EMIT_LOC_STRINGS = YES;
				SWIFT_VERSION = 5.0;
				TARGETED_DEVICE_FAMILY = "1,2";
			};
			name = Debug;
		};
		8601B5252BD3334100604999 /* Release */ = {
			isa = XCBuildConfiguration;
			buildSettings = {
				ASSETCATALOG_COMPILER_APPICON_NAME = AppIcon;
				ASSETCATALOG_COMPILER_GLOBAL_ACCENT_COLOR_NAME = AccentColor;
				CODE_SIGN_STYLE = Automatic;
				CURRENT_PROJECT_VERSION = 1;
				DEVELOPMENT_TEAM = 7J27C6KE2Q;
				GENERATE_INFOPLIST_FILE = YES;
				INFOPLIST_FILE = TestAppExamplePackage/Info.plist;
				INFOPLIST_KEY_UIApplicationSupportsIndirectInputEvents = YES;
				INFOPLIST_KEY_UILaunchStoryboardName = LaunchScreen;
				INFOPLIST_KEY_UIMainStoryboardFile = Main;
				INFOPLIST_KEY_UISupportedInterfaceOrientations_iPad = "UIInterfaceOrientationPortrait UIInterfaceOrientationPortraitUpsideDown UIInterfaceOrientationLandscapeLeft UIInterfaceOrientationLandscapeRight";
				INFOPLIST_KEY_UISupportedInterfaceOrientations_iPhone = "UIInterfaceOrientationPortrait UIInterfaceOrientationLandscapeLeft UIInterfaceOrientationLandscapeRight";
				LD_RUNPATH_SEARCH_PATHS = (
					"$(inherited)",
					"@executable_path/Frameworks",
				);
				MARKETING_VERSION = 1.0;
				PRODUCT_BUNDLE_IDENTIFIER = OnceDev.TestAppExamplePackage;
				PRODUCT_NAME = "$(TARGET_NAME)";
				SWIFT_EMIT_LOC_STRINGS = YES;
				SWIFT_VERSION = 5.0;
				TARGETED_DEVICE_FAMILY = "1,2";
			};
			name = Release;
		};
		8644378C2BD410B6004C2CD4 /* Debug */ = {
			isa = XCBuildConfiguration;
			buildSettings = {
				BUNDLE_LOADER = "$(TEST_HOST)";
				CODE_SIGN_STYLE = Automatic;
				CURRENT_PROJECT_VERSION = 1;
				DEVELOPMENT_TEAM = 7J27C6KE2Q;
				GENERATE_INFOPLIST_FILE = YES;
				MARKETING_VERSION = 1.0;
				PRODUCT_BUNDLE_IDENTIFIER = OnceDev.PackageTests;
				PRODUCT_NAME = "$(TARGET_NAME)";
				SWIFT_EMIT_LOC_STRINGS = NO;
				SWIFT_VERSION = 5.0;
				TARGETED_DEVICE_FAMILY = "1,2";
				TEST_HOST = "$(BUILT_PRODUCTS_DIR)/TestAppExamplePackage.app/$(BUNDLE_EXECUTABLE_FOLDER_PATH)/TestAppExamplePackage";
			};
			name = Debug;
		};
		8644378D2BD410B6004C2CD4 /* Release */ = {
			isa = XCBuildConfiguration;
			buildSettings = {
				BUNDLE_LOADER = "$(TEST_HOST)";
				CODE_SIGN_STYLE = Automatic;
				CURRENT_PROJECT_VERSION = 1;
				DEVELOPMENT_TEAM = 7J27C6KE2Q;
				GENERATE_INFOPLIST_FILE = YES;
				MARKETING_VERSION = 1.0;
				PRODUCT_BUNDLE_IDENTIFIER = OnceDev.PackageTests;
				PRODUCT_NAME = "$(TARGET_NAME)";
				SWIFT_EMIT_LOC_STRINGS = NO;
				SWIFT_VERSION = 5.0;
				TARGETED_DEVICE_FAMILY = "1,2";
				TEST_HOST = "$(BUILT_PRODUCTS_DIR)/TestAppExamplePackage.app/$(BUNDLE_EXECUTABLE_FOLDER_PATH)/TestAppExamplePackage";
			};
			name = Release;
		};
/* End XCBuildConfiguration section */

/* Begin XCConfigurationList section */
		8601B50A2BD3333F00604999 /* Build configuration list for PBXProject "TestAppExamplePackage" */ = {
			isa = XCConfigurationList;
			buildConfigurations = (
				8601B5212BD3334100604999 /* Debug */,
				8601B5222BD3334100604999 /* Release */,
			);
			defaultConfigurationIsVisible = 0;
			defaultConfigurationName = Release;
		};
		8601B5232BD3334100604999 /* Build configuration list for PBXNativeTarget "TestAppExamplePackage" */ = {
			isa = XCConfigurationList;
			buildConfigurations = (
				8601B5242BD3334100604999 /* Debug */,
				8601B5252BD3334100604999 /* Release */,
			);
			defaultConfigurationIsVisible = 0;
			defaultConfigurationName = Release;
		};
		8644378B2BD410B6004C2CD4 /* Build configuration list for PBXNativeTarget "PackageTests" */ = {
			isa = XCConfigurationList;
			buildConfigurations = (
				8644378C2BD410B6004C2CD4 /* Debug */,
				8644378D2BD410B6004C2CD4 /* Release */,
			);
			defaultConfigurationIsVisible = 0;
			defaultConfigurationName = Release;
		};
/* End XCConfigurationList section */

/* Begin XCSwiftPackageProductDependency section */
		8601B5282BD3338D00604999 /* TestPackage */ = {
			isa = XCSwiftPackageProductDependency;
			productName = TestPackage;
		};
/* End XCSwiftPackageProductDependency section */
	};
	rootObject = 8601B5072BD3333F00604999 /* Project object */;
}
